
Microsoft Visual Studio Solution File, Format Version 12.00
# Visual Studio Version 17
VisualStudioVersion = 17.1.32421.90
MinimumVisualStudioVersion = 10.0.40219.1
Project("{FAE04EC0-301F-11D3-BF4B-00C04F79EFBC}") = "test2.gitversioning", "test2.gitversioning\test2.gitversioning.csproj", "{19AD05AE-B180-4360-81BE-5DA79C857F77}"
EndProject
Global
	GlobalSection(SolutionConfigurationPlatforms) = preSolution
		Debug|Any CPU = Debug|Any CPU
		Release|Any CPU = Release|Any CPU
	EndGlobalSection
	GlobalSection(ProjectConfigurationPlatforms) = postSolution
		{19AD05AE-B180-4360-81BE-5DA79C857F77}.Debug|Any CPU.ActiveCfg = Debug|Any CPU
		{19AD05AE-B180-4360-81BE-5DA79C857F77}.Debug|Any CPU.Build.0 = Debug|Any CPU
		{19AD05AE-B180-4360-81BE-5DA79C857F77}.Release|Any CPU.ActiveCfg = Release|Any CPU
		{19AD05AE-B180-4360-81BE-5DA79C857F77}.Release|Any CPU.Build.0 = Release|Any CPU
	EndGlobalSection
	GlobalSection(SolutionProperties) = preSolution
		HideSolutionNode = FALSE
	EndGlobalSection
	GlobalSection(ExtensibilityGlobals) = postSolution
		SolutionGuid = {CA3D2F28-9744-470A-AB8F-B708602AB3A3}
	EndGlobalSection
EndGlobal
